{
  "name": "my-project",
  "version": "1.0.0",
  "lockfileVersion": 2,
  "requires": true,
  "packages": {
    "": {
      "name": "my-project",
      "version": "1.0.0",
      "license": "ISC",
      "devDependencies": {
        "@autojs/types-pro8": "^8.8.0"
      }
    },
    "node_modules/@autojs/types-pro8": {
      "version": "8.8.0",
      "resolved": "https://registry.npmjs.org/@autojs/types-pro8/-/types-pro8-8.8.0.tgz",
      "integrity": "sha512-qV5vUUrXI8C1SKGVbMiSA8Bmd/oe8Xpd2Ipz3RqAc0iNaalKOBddYzNMKR1Nn7hDmetrITcvOn3W+i515ydMqg==",
      "dev": true
    }
  },
  "dependencies": {
    "@autojs/types-pro8": {
      "version": "8.8.0",
      "resolved": "https://registry.npmjs.org/@autojs/types-pro8/-/types-pro8-8.8.0.tgz",
      "integrity": "sha512-qV5vUUrXI8C1SKGVbMiSA8Bmd/oe8Xpd2Ipz3RqAc0iNaalKOBddYzNMKR1Nn7hDmetrITcvOn3W+i515ydMqg==",
      "dev": true
    }
  }
}
